
Microsoft Visual Studio Solution File, Format Version 12.00
# Visual Studio 15
VisualStudioVersion = 15.0.28307.421
MinimumVisualStudioVersion = 10.0.40219.1
Project("{FAE04EC0-301F-11D3-BF4B-00C04F79EFBC}") = "YatiliKronometre", "YatiliKronometre\YatiliKronometre.csproj", "{6CA8C2C8-8C71-4CCB-95EC-985B39571F80}"
EndProject
Global
	GlobalSection(SolutionConfigurationPlatforms) = preSolution
		Debug|Any CPU = Debug|Any CPU
		Release|Any CPU = Release|Any CPU
	EndGlobalSection
	GlobalSection(ProjectConfigurationPlatforms) = postSolution
		{6CA8C2C8-8C71-4CCB-95EC-985B39571F80}.Debug|Any CPU.ActiveCfg = Debug|Any CPU
		{6CA8C2C8-8C71-4CCB-95EC-985B39571F80}.Debug|Any CPU.Build.0 = Debug|Any CPU
		{6CA8C2C8-8C71-4CCB-95EC-985B39571F80}.Release|Any CPU.ActiveCfg = Release|Any CPU
		{6CA8C2C8-8C71-4CCB-95EC-985B39571F80}.Release|Any CPU.Build.0 = Release|Any CPU
	EndGlobalSection
	GlobalSection(SolutionProperties) = preSolution
		HideSolutionNode = FALSE
	EndGlobalSection
	GlobalSection(ExtensibilityGlobals) = postSolution
		SolutionGuid = {E129A572-AB68-4ECD-9C0D-50F4444A1140}
	EndGlobalSection
EndGlobal
